// !$*UTF8*$!
{
	archiveVersion = 1;
	classes = {
	};
	objectVersion = 55;
	objects = {

/* Begin PBXBuildFile section */
		FEA26D9727B96E6A000E005E /* WeatherListViewModel.swift in Sources */ = {isa = PBXBuildFile; fileRef = FEA26D9627B96E6A000E005E /* WeatherListViewModel.swift */; };
		FEBBE2FC27AAF6BA00F2DB24 /* AppDelegate.swift in Sources */ = {isa = PBXBuildFile; fileRef = FEBBE2FB27AAF6BA00F2DB24 /* AppDelegate.swift */; };
		FEBBE2FE27AAF6BA00F2DB24 /* SceneDelegate.swift in Sources */ = {isa = PBXBuildFile; fileRef = FEBBE2FD27AAF6BA00F2DB24 /* SceneDelegate.swift */; };
		FEBBE30327AAF6BA00F2DB24 /* Main.storyboard in Resources */ = {isa = PBXBuildFile; fileRef = FEBBE30127AAF6BA00F2DB24 /* Main.storyboard */; };
		FEBBE30527AAF6BB00F2DB24 /* Assets.xcassets in Resources */ = {isa = PBXBuildFile; fileRef = FEBBE30427AAF6BB00F2DB24 /* Assets.xcassets */; };
		FEBBE30827AAF6BB00F2DB24 /* LaunchScreen.storyboard in Resources */ = {isa = PBXBuildFile; fileRef = FEBBE30627AAF6BB00F2DB24 /* LaunchScreen.storyboard */; };
		FEBBE31127AC3BE100F2DB24 /* WeatherListTableViewController.swift in Sources */ = {isa = PBXBuildFile; fileRef = FEBBE31027AC3BE100F2DB24 /* WeatherListTableViewController.swift */; };
		FEBBE31327AC3BF600F2DB24 /* AddWeatherCityViewController.swift in Sources */ = {isa = PBXBuildFile; fileRef = FEBBE31227AC3BF600F2DB24 /* AddWeatherCityViewController.swift */; };
		FEBC13E127AF2F110025F38D /* WeatherCell.swift in Sources */ = {isa = PBXBuildFile; fileRef = FEBC13E027AF2F110025F38D /* WeatherCell.swift */; };
		FEBCBC1F27B89577001FE3CB /* WeatherResponse.swift in Sources */ = {isa = PBXBuildFile; fileRef = FEBCBC1E27B89577001FE3CB /* WeatherResponse.swift */; };
		FEBCBC2227B95D76001FE3CB /* AddWeatherViewModel.swift in Sources */ = {isa = PBXBuildFile; fileRef = FEBCBC2127B95D76001FE3CB /* AddWeatherViewModel.swift */; };
		FEBCBC2627B95E54001FE3CB /* Constants.swift in Sources */ = {isa = PBXBuildFile; fileRef = FEBCBC2527B95E54001FE3CB /* Constants.swift */; };
		FEBCBC2927B95FFD001FE3CB /* String+Extensions.swift in Sources */ = {isa = PBXBuildFile; fileRef = FEBCBC2827B95FFD001FE3CB /* String+Extensions.swift */; };
		FEBF77BD27B31DBF00A65BE7 /* Webservice.swift in Sources */ = {isa = PBXBuildFile; fileRef = FEBF77BC27B31DBF00A65BE7 /* Webservice.swift */; };
/* End PBXBuildFile section */

/* Begin PBXFileReference section */
		FEA26D9627B96E6A000E005E /* WeatherListViewModel.swift */ = {isa = PBXFileReference; lastKnownFileType = sourcecode.swift; path = WeatherListViewModel.swift; sourceTree = "<group>"; };
		FEBBE2F827AAF6BA00F2DB24 /* GoodWeather.app */ = {isa = PBXFileReference; explicitFileType = wrapper.application; includeInIndex = 0; path = GoodWeather.app; sourceTree = BUILT_PRODUCTS_DIR; };
		FEBBE2FB27AAF6BA00F2DB24 /* AppDelegate.swift */ = {isa = PBXFileReference; lastKnownFileType = sourcecode.swift; path = AppDelegate.swift; sourceTree = "<group>"; };
		FEBBE2FD27AAF6BA00F2DB24 /* SceneDelegate.swift */ = {isa = PBXFileReference; lastKnownFileType = sourcecode.swift; path = SceneDelegate.swift; sourceTree = "<group>"; };
		FEBBE30227AAF6BA00F2DB24 /* Base */ = {isa = PBXFileReference; lastKnownFileType = file.storyboard; name = Base; path = Base.lproj/Main.storyboard; sourceTree = "<group>"; };
		FEBBE30427AAF6BB00F2DB24 /* Assets.xcassets */ = {isa = PBXFileReference; lastKnownFileType = folder.assetcatalog; path = Assets.xcassets; sourceTree = "<group>"; };
		FEBBE30727AAF6BB00F2DB24 /* Base */ = {isa = PBXFileReference; lastKnownFileType = file.storyboard; name = Base; path = Base.lproj/LaunchScreen.storyboard; sourceTree = "<group>"; };
		FEBBE30927AAF6BB00F2DB24 /* Info.plist */ = {isa = PBXFileReference; lastKnownFileType = text.plist.xml; path = Info.plist; sourceTree = "<group>"; };
		FEBBE31027AC3BE100F2DB24 /* WeatherListTableViewController.swift */ = {isa = PBXFileReference; lastKnownFileType = sourcecode.swift; path = WeatherListTableViewController.swift; sourceTree = "<group>"; };
		FEBBE31227AC3BF600F2DB24 /* AddWeatherCityViewController.swift */ = {isa = PBXFileReference; lastKnownFileType = sourcecode.swift; path = AddWeatherCityViewController.swift; sourceTree = "<group>"; };
		FEBC13E027AF2F110025F38D /* WeatherCell.swift */ = {isa = PBXFileReference; lastKnownFileType = sourcecode.swift; path = WeatherCell.swift; sourceTree = "<group>"; };
		FEBCBC1E27B89577001FE3CB /* WeatherResponse.swift */ = {isa = PBXFileReference; lastKnownFileType = sourcecode.swift; path = WeatherResponse.swift; sourceTree = "<group>"; };
		FEBCBC2127B95D76001FE3CB /* AddWeatherViewModel.swift */ = {isa = PBXFileReference; lastKnownFileType = sourcecode.swift; path = AddWeatherViewModel.swift; sourceTree = "<group>"; };
		FEBCBC2527B95E54001FE3CB /* Constants.swift */ = {isa = PBXFileReference; lastKnownFileType = sourcecode.swift; path = Constants.swift; sourceTree = "<group>"; };
		FEBCBC2827B95FFD001FE3CB /* String+Extensions.swift */ = {isa = PBXFileReference; lastKnownFileType = sourcecode.swift; path = "String+Extensions.swift"; sourceTree = "<group>"; };
		FEBF77BC27B31DBF00A65BE7 /* Webservice.swift */ = {isa = PBXFileReference; lastKnownFileType = sourcecode.swift; path = Webservice.swift; sourceTree = "<group>"; };
/* End PBXFileReference section */

/* Begin PBXFrameworksBuildPhase section */
		FEBBE2F527AAF6BA00F2DB24 /* Frameworks */ = {
			isa = PBXFrameworksBuildPhase;
			buildActionMask = 2147483647;
			files = (
			);
			runOnlyForDeploymentPostprocessing = 0;
		};
/* End PBXFrameworksBuildPhase section */

/* Begin PBXGroup section */
		FEBBE2EF27AAF6BA00F2DB24 = {
			isa = PBXGroup;
			children = (
				FEBBE2FA27AAF6BA00F2DB24 /* GoodWeather */,
				FEBBE2F927AAF6BA00F2DB24 /* Products */,
			);
			sourceTree = "<group>";
		};
		FEBBE2F927AAF6BA00F2DB24 /* Products */ = {
			isa = PBXGroup;
			children = (
				FEBBE2F827AAF6BA00F2DB24 /* GoodWeather.app */,
			);
			name = Products;
			sourceTree = "<group>";
		};
		FEBBE2FA27AAF6BA00F2DB24 /* GoodWeather */ = {
			isa = PBXGroup;
			children = (
				FEBCBC2727B95FED001FE3CB /* Extensions */,
				FEBCBC2427B95E48001FE3CB /* Utils */,
				FEBCBC2027B95D65001FE3CB /* View Models */,
				FEBCBC1B27B8954A001FE3CB /* Models */,
				FEBF77BB27B31D8E00A65BE7 /* Services */,
				FEBC13DF27AF2EEF0025F38D /* Custom Cells */,
				FEBBE30F27AC3BC900F2DB24 /* Controllers */,
				FEBBE2FB27AAF6BA00F2DB24 /* AppDelegate.swift */,
				FEBBE2FD27AAF6BA00F2DB24 /* SceneDelegate.swift */,
				FEBBE30127AAF6BA00F2DB24 /* Main.storyboard */,
				FEBBE30427AAF6BB00F2DB24 /* Assets.xcassets */,
				FEBBE30627AAF6BB00F2DB24 /* LaunchScreen.storyboard */,
				FEBBE30927AAF6BB00F2DB24 /* Info.plist */,
			);
			path = GoodWeather;
			sourceTree = "<group>";
		};
		FEBBE30F27AC3BC900F2DB24 /* Controllers */ = {
			isa = PBXGroup;
			children = (
				FEBBE31027AC3BE100F2DB24 /* WeatherListTableViewController.swift */,
				FEBBE31227AC3BF600F2DB24 /* AddWeatherCityViewController.swift */,
			);
			path = Controllers;
			sourceTree = "<group>";
		};
		FEBC13DF27AF2EEF0025F38D /* Custom Cells */ = {
			isa = PBXGroup;
			children = (
				FEBC13E027AF2F110025F38D /* WeatherCell.swift */,
			);
			path = "Custom Cells";
			sourceTree = "<group>";
		};
		FEBCBC1B27B8954A001FE3CB /* Models */ = {
			isa = PBXGroup;
			children = (
				FEBCBC1E27B89577001FE3CB /* WeatherResponse.swift */,
			);
			path = Models;
			sourceTree = "<group>";
		};
		FEBCBC2027B95D65001FE3CB /* View Models */ = {
			isa = PBXGroup;
			children = (
				FEBCBC2127B95D76001FE3CB /* AddWeatherViewModel.swift */,
				FEA26D9627B96E6A000E005E /* WeatherListViewModel.swift */,
			);
			path = "View Models";
			sourceTree = "<group>";
		};
		FEBCBC2427B95E48001FE3CB /* Utils */ = {
			isa = PBXGroup;
			children = (
				FEBCBC2527B95E54001FE3CB /* Constants.swift */,
			);
			path = Utils;
			sourceTree = "<group>";
		};
		FEBCBC2727B95FED001FE3CB /* Extensions */ = {
			isa = PBXGroup;
			children = (
				FEBCBC2827B95FFD001FE3CB /* String+Extensions.swift */,
			);
			path = Extensions;
			sourceTree = "<group>";
		};
		FEBF77BB27B31D8E00A65BE7 /* Services */ = {
			isa = PBXGroup;
			children = (
				FEBF77BC27B31DBF00A65BE7 /* Webservice.swift */,
			);
			path = Services;
			sourceTree = "<group>";
		};
/* End PBXGroup section */

/* Begin PBXNativeTarget section */
		FEBBE2F727AAF6BA00F2DB24 /* GoodWeather */ = {
			isa = PBXNativeTarget;
			buildConfigurationList = FEBBE30C27AAF6BB00F2DB24 /* Build configuration list for PBXNativeTarget "GoodWeather" */;
			buildPhases = (
				FEBBE2F427AAF6BA00F2DB24 /* Sources */,
				FEBBE2F527AAF6BA00F2DB24 /* Frameworks */,
				FEBBE2F627AAF6BA00F2DB24 /* Resources */,
			);
			buildRules = (
			);
			dependencies = (
			);
			name = GoodWeather;
			productName = GoodWeather;
			productReference = FEBBE2F827AAF6BA00F2DB24 /* GoodWeather.app */;
			productType = "com.apple.product-type.application";
		};
/* End PBXNativeTarget section */

/* Begin PBXProject section */
		FEBBE2F027AAF6BA00F2DB24 /* Project object */ = {
			isa = PBXProject;
			attributes = {
				BuildIndependentTargetsInParallel = 1;
				LastSwiftUpdateCheck = 1320;
				LastUpgradeCheck = 1320;
				TargetAttributes = {
					FEBBE2F727AAF6BA00F2DB24 = {
						CreatedOnToolsVersion = 13.2.1;
					};
				};
			};
			buildConfigurationList = FEBBE2F327AAF6BA00F2DB24 /* Build configuration list for PBXProject "GoodWeather" */;
			compatibilityVersion = "Xcode 13.0";
			developmentRegion = en;
			hasScannedForEncodings = 0;
			knownRegions = (
				en,
				Base,
			);
			mainGroup = FEBBE2EF27AAF6BA00F2DB24;
			productRefGroup = FEBBE2F927AAF6BA00F2DB24 /* Products */;
			projectDirPath = "";
			projectRoot = "";
			targets = (
				FEBBE2F727AAF6BA00F2DB24 /* GoodWeather */,
			);
		};
/* End PBXProject section */

/* Begin PBXResourcesBuildPhase section */
		FEBBE2F627AAF6BA00F2DB24 /* Resources */ = {
			isa = PBXResourcesBuildPhase;
			buildActionMask = 2147483647;
			files = (
				FEBBE30827AAF6BB00F2DB24 /* LaunchScreen.storyboard in Resources */,
				FEBBE30527AAF6BB00F2DB24 /* Assets.xcassets in Resources */,
				FEBBE30327AAF6BA00F2DB24 /* Main.storyboard in Resources */,
			);
			runOnlyForDeploymentPostprocessing = 0;
		};
/* End PBXResourcesBuildPhase section */

/* Begin PBXSourcesBuildPhase section */
		FEBBE2F427AAF6BA00F2DB24 /* Sources */ = {
			isa = PBXSourcesBuildPhase;
			buildActionMask = 2147483647;
			files = (
				FEBCBC2927B95FFD001FE3CB /* String+Extensions.swift in Sources */,
				FEBF77BD27B31DBF00A65BE7 /* Webservice.swift in Sources */,
				FEBBE31127AC3BE100F2DB24 /* WeatherListTableViewController.swift in Sources */,
				FEBC13E127AF2F110025F38D /* WeatherCell.swift in Sources */,
				FEBCBC2227B95D76001FE3CB /* AddWeatherViewModel.swift in Sources */,
				FEBCBC2627B95E54001FE3CB /* Constants.swift in Sources */,
				FEA26D9727B96E6A000E005E /* WeatherListViewModel.swift in Sources */,
				FEBBE2FC27AAF6BA00F2DB24 /* AppDelegate.swift in Sources */,
				FEBBE31327AC3BF600F2DB24 /* AddWeatherCityViewController.swift in Sources */,
				FEBBE2FE27AAF6BA00F2DB24 /* SceneDelegate.swift in Sources */,
				FEBCBC1F27B89577001FE3CB /* WeatherResponse.swift in Sources */,
			);
			runOnlyForDeploymentPostprocessing = 0;
		};
/* End PBXSourcesBuildPhase section */

/* Begin PBXVariantGroup section */
		FEBBE30127AAF6BA00F2DB24 /* Main.storyboard */ = {
			isa = PBXVariantGroup;
			children = (
				FEBBE30227AAF6BA00F2DB24 /* Base */,
			);
			name = Main.storyboard;
			sourceTree = "<group>";
		};
		FEBBE30627AAF6BB00F2DB24 /* LaunchScreen.storyboard */ = {
			isa = PBXVariantGroup;
			children = (
				FEBBE30727AAF6BB00F2DB24 /* Base */,
			);
			name = LaunchScreen.storyboard;
			sourceTree = "<group>";
		};
/* End PBXVariantGroup section */

/* Begin XCBuildConfiguration section */
		FEBBE30A27AAF6BB00F2DB24 /* Debug */ = {
			isa = XCBuildConfiguration;
			buildSettings = {
				ALWAYS_SEARCH_USER_PATHS = NO;
				CLANG_ANALYZER_NONNULL = YES;
				CLANG_ANALYZER_NUMBER_OBJECT_CONVERSION = YES_AGGRESSIVE;
				CLANG_CXX_LANGUAGE_STANDARD = "gnu++17";
				CLANG_CXX_LIBRARY = "libc++";
				CLANG_ENABLE_MODULES = YES;
				CLANG_ENABLE_OBJC_ARC = YES;
				CLANG_ENABLE_OBJC_WEAK = YES;
				CLANG_WARN_BLOCK_CAPTURE_AUTORELEASING = YES;
				CLANG_WARN_BOOL_CONVERSION = YES;
				CLANG_WARN_COMMA = YES;
				CLANG_WARN_CONSTANT_CONVERSION = YES;
				CLANG_WARN_DEPRECATED_OBJC_IMPLEMENTATIONS = YES;
				CLANG_WARN_DIRECT_OBJC_ISA_USAGE = YES_ERROR;
				CLANG_WARN_DOCUMENTATION_COMMENTS = YES;
				CLANG_WARN_EMPTY_BODY = YES;
				CLANG_WARN_ENUM_CONVERSION = YES;
				CLANG_WARN_INFINITE_RECURSION = YES;
				CLANG_WARN_INT_CONVERSION = YES;
				CLANG_WARN_NON_LITERAL_NULL_CONVERSION = YES;
				CLANG_WARN_OBJC_IMPLICIT_RETAIN_SELF = YES;
				CLANG_WARN_OBJC_LITERAL_CONVERSION = YES;
				CLANG_WARN_OBJC_ROOT_CLASS = YES_ERROR;
				CLANG_WARN_QUOTED_INCLUDE_IN_FRAMEWORK_HEADER = YES;
				CLANG_WARN_RANGE_LOOP_ANALYSIS = YES;
				CLANG_WARN_STRICT_PROTOTYPES = YES;
				CLANG_WARN_SUSPICIOUS_MOVE = YES;
				CLANG_WARN_UNGUARDED_AVAILABILITY = YES_AGGRESSIVE;
				CLANG_WARN_UNREACHABLE_CODE = YES;
				CLANG_WARN__DUPLICATE_METHOD_MATCH = YES;
				COPY_PHASE_STRIP = NO;
				DEBUG_INFORMATION_FORMAT = dwarf;
				ENABLE_STRICT_OBJC_MSGSEND = YES;
				ENABLE_TESTABILITY = YES;
				GCC_C_LANGUAGE_STANDARD = gnu11;
				GCC_DYNAMIC_NO_PIC = NO;
				GCC_NO_COMMON_BLOCKS = YES;
				GCC_OPTIMIZATION_LEVEL = 0;
				GCC_PREPROCESSOR_DEFINITIONS = (
					"DEBUG=1",
					"$(inherited)",
				);
				GCC_WARN_64_TO_32_BIT_CONVERSION = YES;
				GCC_WARN_ABOUT_RETURN_TYPE = YES_ERROR;
				GCC_WARN_UNDECLARED_SELECTOR = YES;
				GCC_WARN_UNINITIALIZED_AUTOS = YES_AGGRESSIVE;
				GCC_WARN_UNUSED_FUNCTION = YES;
				GCC_WARN_UNUSED_VARIABLE = YES;
				IPHONEOS_DEPLOYMENT_TARGET = 15.2;
				MTL_ENABLE_DEBUG_INFO = INCLUDE_SOURCE;
				MTL_FAST_MATH = YES;
				ONLY_ACTIVE_ARCH = YES;
				SDKROOT = iphoneos;
				SWIFT_ACTIVE_COMPILATION_CONDITIONS = DEBUG;
				SWIFT_OPTIMIZATION_LEVEL = "-Onone";
			};
			name = Debug;
		};
		FEBBE30B27AAF6BB00F2DB24 /* Release */ = {
			isa = XCBuildConfiguration;
			buildSettings = {
				ALWAYS_SEARCH_USER_PATHS = NO;
				CLANG_ANALYZER_NONNULL = YES;
				CLANG_ANALYZER_NUMBER_OBJECT_CONVERSION = YES_AGGRESSIVE;
				CLANG_CXX_LANGUAGE_STANDARD = "gnu++17";
				CLANG_CXX_LIBRARY = "libc++";
				CLANG_ENABLE_MODULES = YES;
				CLANG_ENABLE_OBJC_ARC = YES;
				CLANG_ENABLE_OBJC_WEAK = YES;
				CLANG_WARN_BLOCK_CAPTURE_AUTORELEASING = YES;
				CLANG_WARN_BOOL_CONVERSION = YES;
				CLANG_WARN_COMMA = YES;
				CLANG_WARN_CONSTANT_CONVERSION = YES;
				CLANG_WARN_DEPRECATED_OBJC_IMPLEMENTATIONS = YES;
				CLANG_WARN_DIRECT_OBJC_ISA_USAGE = YES_ERROR;
				CLANG_WARN_DOCUMENTATION_COMMENTS = YES;
				CLANG_WARN_EMPTY_BODY = YES;
				CLANG_WARN_ENUM_CONVERSION = YES;
				CLANG_WARN_INFINITE_RECURSION = YES;
				CLANG_WARN_INT_CONVERSION = YES;
				CLANG_WARN_NON_LITERAL_NULL_CONVERSION = YES;
				CLANG_WARN_OBJC_IMPLICIT_RETAIN_SELF = YES;
				CLANG_WARN_OBJC_LITERAL_CONVERSION = YES;
				CLANG_WARN_OBJC_ROOT_CLASS = YES_ERROR;
				CLANG_WARN_QUOTED_INCLUDE_IN_FRAMEWORK_HEADER = YES;
				CLANG_WARN_RANGE_LOOP_ANALYSIS = YES;
				CLANG_WARN_STRICT_PROTOTYPES = YES;
				CLANG_WARN_SUSPICIOUS_MOVE = YES;
				CLANG_WARN_UNGUARDED_AVAILABILITY = YES_AGGRESSIVE;
				CLANG_WARN_UNREACHABLE_CODE = YES;
				CLANG_WARN__DUPLICATE_METHOD_MATCH = YES;
				COPY_PHASE_STRIP = NO;
				DEBUG_INFORMATION_FORMAT = "dwarf-with-dsym";
				ENABLE_NS_ASSERTIONS = NO;
				ENABLE_STRICT_OBJC_MSGSEND = YES;
				GCC_C_LANGUAGE_STANDARD = gnu11;
				GCC_NO_COMMON_BLOCKS = YES;
				GCC_WARN_64_TO_32_BIT_CONVERSION = YES;
				GCC_WARN_ABOUT_RETURN_TYPE = YES_ERROR;
				GCC_WARN_UNDECLARED_SELECTOR = YES;
				GCC_WARN_UNINITIALIZED_AUTOS = YES_AGGRESSIVE;
				GCC_WARN_UNUSED_FUNCTION = YES;
				GCC_WARN_UNUSED_VARIABLE = YES;
				IPHONEOS_DEPLOYMENT_TARGET = 15.2;
				MTL_ENABLE_DEBUG_INFO = NO;
				MTL_FAST_MATH = YES;
				SDKROOT = iphoneos;
				SWIFT_COMPILATION_MODE = wholemodule;
				SWIFT_OPTIMIZATION_LEVEL = "-O";
				VALIDATE_PRODUCT = YES;
			};
			name = Release;
		};
		FEBBE30D27AAF6BB00F2DB24 /* Debug */ = {
			isa = XCBuildConfiguration;
			buildSettings = {
				ASSETCATALOG_COMPILER_APPICON_NAME = AppIcon;
				ASSETCATALOG_COMPILER_GLOBAL_ACCENT_COLOR_NAME = AccentColor;
				CODE_SIGN_STYLE = Automatic;
				CURRENT_PROJECT_VERSION = 1;
				DEVELOPMENT_TEAM = V2U4YQPV4D;
				GENERATE_INFOPLIST_FILE = YES;
				INFOPLIST_FILE = GoodWeather/Info.plist;
				INFOPLIST_KEY_UIApplicationSupportsIndirectInputEvents = YES;
				INFOPLIST_KEY_UILaunchStoryboardName = LaunchScreen;
				INFOPLIST_KEY_UIMainStoryboardFile = Main;
				INFOPLIST_KEY_UISupportedInterfaceOrientations_iPad = "UIInterfaceOrientationPortrait UIInterfaceOrientationPortraitUpsideDown UIInterfaceOrientationLandscapeLeft UIInterfaceOrientationLandscapeRight";
				INFOPLIST_KEY_UISupportedInterfaceOrientations_iPhone = "UIInterfaceOrientationPortrait UIInterfaceOrientationLandscapeLeft UIInterfaceOrientationLandscapeRight";
				LD_RUNPATH_SEARCH_PATHS = (
					"$(inherited)",
					"@executable_path/Frameworks",
				);
				MARKETING_VERSION = 1.0;
				PRODUCT_BUNDLE_IDENTIFIER = com.matthewogtong.GoodWeather;
				PRODUCT_NAME = "$(TARGET_NAME)";
				SWIFT_EMIT_LOC_STRINGS = YES;
				SWIFT_VERSION = 5.0;
				TARGETED_DEVICE_FAMILY = "1,2";
			};
			name = Debug;
		};
		FEBBE30E27AAF6BB00F2DB24 /* Release */ = {
			isa = XCBuildConfiguration;
			buildSettings = {
				ASSETCATALOG_COMPILER_APPICON_NAME = AppIcon;
				ASSETCATALOG_COMPILER_GLOBAL_ACCENT_COLOR_NAME = AccentColor;
				CODE_SIGN_STYLE = Automatic;
				CURRENT_PROJECT_VERSION = 1;
				DEVELOPMENT_TEAM = V2U4YQPV4D;
				GENERATE_INFOPLIST_FILE = YES;
				INFOPLIST_FILE = GoodWeather/Info.plist;
				INFOPLIST_KEY_UIApplicationSupportsIndirectInputEvents = YES;
				INFOPLIST_KEY_UILaunchStoryboardName = LaunchScreen;
				INFOPLIST_KEY_UIMainStoryboardFile = Main;
				INFOPLIST_KEY_UISupportedInterfaceOrientations_iPad = "UIInterfaceOrientationPortrait UIInterfaceOrientationPortraitUpsideDown UIInterfaceOrientationLandscapeLeft UIInterfaceOrientationLandscapeRight";
				INFOPLIST_KEY_UISupportedInterfaceOrientations_iPhone = "UIInterfaceOrientationPortrait UIInterfaceOrientationLandscapeLeft UIInterfaceOrientationLandscapeRight";
				LD_RUNPATH_SEARCH_PATHS = (
					"$(inherited)",
					"@executable_path/Frameworks",
				);
				MARKETING_VERSION = 1.0;
				PRODUCT_BUNDLE_IDENTIFIER = com.matthewogtong.GoodWeather;
				PRODUCT_NAME = "$(TARGET_NAME)";
				SWIFT_EMIT_LOC_STRINGS = YES;
				SWIFT_VERSION = 5.0;
				TARGETED_DEVICE_FAMILY = "1,2";
			};
			name = Release;
		};
/* End XCBuildConfiguration section */

/* Begin XCConfigurationList section */
		FEBBE2F327AAF6BA00F2DB24 /* Build configuration list for PBXProject "GoodWeather" */ = {
			isa = XCConfigurationList;
			buildConfigurations = (
				FEBBE30A27AAF6BB00F2DB24 /* Debug */,
				FEBBE30B27AAF6BB00F2DB24 /* Release */,
			);
			defaultConfigurationIsVisible = 0;
			defaultConfigurationName = Release;
		};
		FEBBE30C27AAF6BB00F2DB24 /* Build configuration list for PBXNativeTarget "GoodWeather" */ = {
			isa = XCConfigurationList;
			buildConfigurations = (
				FEBBE30D27AAF6BB00F2DB24 /* Debug */,
				FEBBE30E27AAF6BB00F2DB24 /* Release */,
			);
			defaultConfigurationIsVisible = 0;
			defaultConfigurationName = Release;
		};
/* End XCConfigurationList section */
	};
	rootObject = FEBBE2F027AAF6BA00F2DB24 /* Project object */;
}
